// !$*UTF8*$!
{
	archiveVersion = 1;
	classes = {
	};
	objectVersion = 56;
	objects = {

/* Begin PBXBuildFile section */
		043387B62C2A9CB70034ECA3 /* FruitCardView.swift in Sources */ = {isa = PBXBuildFile; fileRef = 043387B52C2A9CB70034ECA3 /* FruitCardView.swift */; };
		04842EAF2C2996BC003AB35A /* FruitsApp.swift in Sources */ = {isa = PBXBuildFile; fileRef = 04842EAE2C2996BC003AB35A /* FruitsApp.swift */; };
		04842EB12C2996BC003AB35A /* ContentView.swift in Sources */ = {isa = PBXBuildFile; fileRef = 04842EB02C2996BC003AB35A /* ContentView.swift */; };
		04842EB32C2996BD003AB35A /* Assets.xcassets in Resources */ = {isa = PBXBuildFile; fileRef = 04842EB22C2996BD003AB35A /* Assets.xcassets */; };
		04842EB62C2996BD003AB35A /* Preview Assets.xcassets in Resources */ = {isa = PBXBuildFile; fileRef = 04842EB52C2996BD003AB35A /* Preview Assets.xcassets */; };
		04ADAD532C2ABF57003F049D /* StartButtonView.swift in Sources */ = {isa = PBXBuildFile; fileRef = 04ADAD522C2ABF57003F049D /* StartButtonView.swift */; };
		04ADAD572C2ACB1F003F049D /* OnboardingView.swift in Sources */ = {isa = PBXBuildFile; fileRef = 04ADAD562C2ACB1F003F049D /* OnboardingView.swift */; };
		04ADAD5D2C2ACEE5003F049D /* FruitData.swift in Sources */ = {isa = PBXBuildFile; fileRef = 04ADAD5C2C2ACEE5003F049D /* FruitData.swift */; };
		04ADAD5F2C2ACEF2003F049D /* FruitModel.swift in Sources */ = {isa = PBXBuildFile; fileRef = 04ADAD5E2C2ACEF2003F049D /* FruitModel.swift */; };
		04ADAD612C2AFA82003F049D /* FruitRowView.swift in Sources */ = {isa = PBXBuildFile; fileRef = 04ADAD602C2AFA82003F049D /* FruitRowView.swift */; };
		04ADAD632C2B0128003F049D /* FruitDetailView.swift in Sources */ = {isa = PBXBuildFile; fileRef = 04ADAD622C2B0128003F049D /* FruitDetailView.swift */; };
		04ADAD652C2B21BA003F049D /* FruitHeaderView.swift in Sources */ = {isa = PBXBuildFile; fileRef = 04ADAD642C2B21BA003F049D /* FruitHeaderView.swift */; };
		04ADAD672C2B2580003F049D /* SourceLinkView.swift in Sources */ = {isa = PBXBuildFile; fileRef = 04ADAD662C2B2580003F049D /* SourceLinkView.swift */; };
		04ADAD692C2B2844003F049D /* FruitNutrientsView.swift in Sources */ = {isa = PBXBuildFile; fileRef = 04ADAD682C2B2844003F049D /* FruitNutrientsView.swift */; };
/* End PBXBuildFile section */

/* Begin PBXFileReference section */
		043387B52C2A9CB70034ECA3 /* FruitCardView.swift */ = {isa = PBXFileReference; lastKnownFileType = sourcecode.swift; path = FruitCardView.swift; sourceTree = "<group>"; };
		04842EAB2C2996BC003AB35A /* Fruits.app */ = {isa = PBXFileReference; explicitFileType = wrapper.application; includeInIndex = 0; path = Fruits.app; sourceTree = BUILT_PRODUCTS_DIR; };
		04842EAE2C2996BC003AB35A /* FruitsApp.swift */ = {isa = PBXFileReference; lastKnownFileType = sourcecode.swift; path = FruitsApp.swift; sourceTree = "<group>"; };
		04842EB02C2996BC003AB35A /* ContentView.swift */ = {isa = PBXFileReference; lastKnownFileType = sourcecode.swift; path = ContentView.swift; sourceTree = "<group>"; };
		04842EB22C2996BD003AB35A /* Assets.xcassets */ = {isa = PBXFileReference; lastKnownFileType = folder.assetcatalog; path = Assets.xcassets; sourceTree = "<group>"; };
		04842EB52C2996BD003AB35A /* Preview Assets.xcassets */ = {isa = PBXFileReference; lastKnownFileType = folder.assetcatalog; path = "Preview Assets.xcassets"; sourceTree = "<group>"; };
		04ADAD522C2ABF57003F049D /* StartButtonView.swift */ = {isa = PBXFileReference; lastKnownFileType = sourcecode.swift; path = StartButtonView.swift; sourceTree = "<group>"; };
		04ADAD562C2ACB1F003F049D /* OnboardingView.swift */ = {isa = PBXFileReference; lastKnownFileType = sourcecode.swift; path = OnboardingView.swift; sourceTree = "<group>"; };
		04ADAD5C2C2ACEE5003F049D /* FruitData.swift */ = {isa = PBXFileReference; lastKnownFileType = sourcecode.swift; path = FruitData.swift; sourceTree = "<group>"; };
		04ADAD5E2C2ACEF2003F049D /* FruitModel.swift */ = {isa = PBXFileReference; lastKnownFileType = sourcecode.swift; path = FruitModel.swift; sourceTree = "<group>"; };
		04ADAD602C2AFA82003F049D /* FruitRowView.swift */ = {isa = PBXFileReference; lastKnownFileType = sourcecode.swift; path = FruitRowView.swift; sourceTree = "<group>"; };
		04ADAD622C2B0128003F049D /* FruitDetailView.swift */ = {isa = PBXFileReference; lastKnownFileType = sourcecode.swift; path = FruitDetailView.swift; sourceTree = "<group>"; };
		04ADAD642C2B21BA003F049D /* FruitHeaderView.swift */ = {isa = PBXFileReference; lastKnownFileType = sourcecode.swift; path = FruitHeaderView.swift; sourceTree = "<group>"; };
		04ADAD662C2B2580003F049D /* SourceLinkView.swift */ = {isa = PBXFileReference; lastKnownFileType = sourcecode.swift; path = SourceLinkView.swift; sourceTree = "<group>"; };
		04ADAD682C2B2844003F049D /* FruitNutrientsView.swift */ = {isa = PBXFileReference; lastKnownFileType = sourcecode.swift; path = FruitNutrientsView.swift; sourceTree = "<group>"; };
/* End PBXFileReference section */

/* Begin PBXFrameworksBuildPhase section */
		04842EA82C2996BC003AB35A /* Frameworks */ = {
			isa = PBXFrameworksBuildPhase;
			buildActionMask = 2147483647;
			files = (
			);
			runOnlyForDeploymentPostprocessing = 0;
		};
/* End PBXFrameworksBuildPhase section */

/* Begin PBXGroup section */
		043387B32C29C7290034ECA3 /* Main */ = {
			isa = PBXGroup;
			children = (
				04842EAE2C2996BC003AB35A /* FruitsApp.swift */,
			);
			path = Main;
			sourceTree = "<group>";
		};
		043387B42C2A9CA50034ECA3 /* View */ = {
			isa = PBXGroup;
			children = (
				043387B52C2A9CB70034ECA3 /* FruitCardView.swift */,
				04ADAD522C2ABF57003F049D /* StartButtonView.swift */,
				04ADAD602C2AFA82003F049D /* FruitRowView.swift */,
				04ADAD642C2B21BA003F049D /* FruitHeaderView.swift */,
				04ADAD662C2B2580003F049D /* SourceLinkView.swift */,
				04ADAD682C2B2844003F049D /* FruitNutrientsView.swift */,
			);
			path = View;
			sourceTree = "<group>";
		};
		04842EA22C2996BC003AB35A = {
			isa = PBXGroup;
			children = (
				04842EAD2C2996BC003AB35A /* Fruits */,
				04842EAC2C2996BC003AB35A /* Products */,
			);
			sourceTree = "<group>";
		};
		04842EAC2C2996BC003AB35A /* Products */ = {
			isa = PBXGroup;
			children = (
				04842EAB2C2996BC003AB35A /* Fruits.app */,
			);
			name = Products;
			sourceTree = "<group>";
		};
		04842EAD2C2996BC003AB35A /* Fruits */ = {
			isa = PBXGroup;
			children = (
				043387B32C29C7290034ECA3 /* Main */,
				04ADAD592C2ACEB2003F049D /* Data */,
				04ADAD582C2ACEAD003F049D /* Model */,
				043387B42C2A9CA50034ECA3 /* View */,
				04842EBC2C29C051003AB35A /* Screen */,
				04842EB22C2996BD003AB35A /* Assets.xcassets */,
				04842EB42C2996BD003AB35A /* Preview Content */,
			);
			path = Fruits;
			sourceTree = "<group>";
		};
		04842EB42C2996BD003AB35A /* Preview Content */ = {
			isa = PBXGroup;
			children = (
				04842EB52C2996BD003AB35A /* Preview Assets.xcassets */,
			);
			path = "Preview Content";
			sourceTree = "<group>";
		};
		04842EBC2C29C051003AB35A /* Screen */ = {
			isa = PBXGroup;
			children = (
				04ADAD562C2ACB1F003F049D /* OnboardingView.swift */,
				04842EB02C2996BC003AB35A /* ContentView.swift */,
				04ADAD622C2B0128003F049D /* FruitDetailView.swift */,
			);
			path = Screen;
			sourceTree = "<group>";
		};
		04ADAD582C2ACEAD003F049D /* Model */ = {
			isa = PBXGroup;
			children = (
				04ADAD5E2C2ACEF2003F049D /* FruitModel.swift */,
			);
			path = Model;
			sourceTree = "<group>";
		};
		04ADAD592C2ACEB2003F049D /* Data */ = {
			isa = PBXGroup;
			children = (
				04ADAD5C2C2ACEE5003F049D /* FruitData.swift */,
			);
			path = Data;
			sourceTree = "<group>";
		};
/* End PBXGroup section */

/* Begin PBXNativeTarget section */
		04842EAA2C2996BC003AB35A /* Fruits */ = {
			isa = PBXNativeTarget;
			buildConfigurationList = 04842EB92C2996BD003AB35A /* Build configuration list for PBXNativeTarget "Fruits" */;
			buildPhases = (
				04842EA72C2996BC003AB35A /* Sources */,
				04842EA82C2996BC003AB35A /* Frameworks */,
				04842EA92C2996BC003AB35A /* Resources */,
			);
			buildRules = (
			);
			dependencies = (
			);
			name = Fruits;
			productName = Fruits;
			productReference = 04842EAB2C2996BC003AB35A /* Fruits.app */;
			productType = "com.apple.product-type.application";
		};
/* End PBXNativeTarget section */

/* Begin PBXProject section */
		04842EA32C2996BC003AB35A /* Project object */ = {
			isa = PBXProject;
			attributes = {
				BuildIndependentTargetsInParallel = 1;
				LastSwiftUpdateCheck = 1540;
				LastUpgradeCheck = 1540;
				TargetAttributes = {
					04842EAA2C2996BC003AB35A = {
						CreatedOnToolsVersion = 15.4;
					};
				};
			};
			buildConfigurationList = 04842EA62C2996BC003AB35A /* Build configuration list for PBXProject "Fruits" */;
			compatibilityVersion = "Xcode 14.0";
			developmentRegion = en;
			hasScannedForEncodings = 0;
			knownRegions = (
				en,
				Base,
			);
			mainGroup = 04842EA22C2996BC003AB35A;
			productRefGroup = 04842EAC2C2996BC003AB35A /* Products */;
			projectDirPath = "";
			projectRoot = "";
			targets = (
				04842EAA2C2996BC003AB35A /* Fruits */,
			);
		};
/* End PBXProject section */

/* Begin PBXResourcesBuildPhase section */
		04842EA92C2996BC003AB35A /* Resources */ = {
			isa = PBXResourcesBuildPhase;
			buildActionMask = 2147483647;
			files = (
				04842EB62C2996BD003AB35A /* Preview Assets.xcassets in Resources */,
				04842EB32C2996BD003AB35A /* Assets.xcassets in Resources */,
			);
			runOnlyForDeploymentPostprocessing = 0;
		};
/* End PBXResourcesBuildPhase section */

/* Begin PBXSourcesBuildPhase section */
		04842EA72C2996BC003AB35A /* Sources */ = {
			isa = PBXSourcesBuildPhase;
			buildActionMask = 2147483647;
			files = (
				04ADAD5D2C2ACEE5003F049D /* FruitData.swift in Sources */,
				04ADAD672C2B2580003F049D /* SourceLinkView.swift in Sources */,
				043387B62C2A9CB70034ECA3 /* FruitCardView.swift in Sources */,
				04ADAD612C2AFA82003F049D /* FruitRowView.swift in Sources */,
				04ADAD692C2B2844003F049D /* FruitNutrientsView.swift in Sources */,
				04842EB12C2996BC003AB35A /* ContentView.swift in Sources */,
				04ADAD632C2B0128003F049D /* FruitDetailView.swift in Sources */,
				04842EAF2C2996BC003AB35A /* FruitsApp.swift in Sources */,
				04ADAD652C2B21BA003F049D /* FruitHeaderView.swift in Sources */,
				04ADAD572C2ACB1F003F049D /* OnboardingView.swift in Sources */,
				04ADAD532C2ABF57003F049D /* StartButtonView.swift in Sources */,
				04ADAD5F2C2ACEF2003F049D /* FruitModel.swift in Sources */,
			);
			runOnlyForDeploymentPostprocessing = 0;
		};
/* End PBXSourcesBuildPhase section */

/* Begin XCBuildConfiguration section */
		04842EB72C2996BD003AB35A /* Debug */ = {
			isa = XCBuildConfiguration;
			buildSettings = {
				ALWAYS_SEARCH_USER_PATHS = NO;
				ASSETCATALOG_COMPILER_GENERATE_SWIFT_ASSET_SYMBOL_EXTENSIONS = YES;
				CLANG_ANALYZER_NONNULL = YES;
				CLANG_ANALYZER_NUMBER_OBJECT_CONVERSION = YES_AGGRESSIVE;
				CLANG_CXX_LANGUAGE_STANDARD = "gnu++20";
				CLANG_ENABLE_MODULES = YES;
				CLANG_ENABLE_OBJC_ARC = YES;
				CLANG_ENABLE_OBJC_WEAK = YES;
				CLANG_WARN_BLOCK_CAPTURE_AUTORELEASING = YES;
				CLANG_WARN_BOOL_CONVERSION = YES;
				CLANG_WARN_COMMA = YES;
				CLANG_WARN_CONSTANT_CONVERSION = YES;
				CLANG_WARN_DEPRECATED_OBJC_IMPLEMENTATIONS = YES;
				CLANG_WARN_DIRECT_OBJC_ISA_USAGE = YES_ERROR;
				CLANG_WARN_DOCUMENTATION_COMMENTS = YES;
				CLANG_WARN_EMPTY_BODY = YES;
				CLANG_WARN_ENUM_CONVERSION = YES;
				CLANG_WARN_INFINITE_RECURSION = YES;
				CLANG_WARN_INT_CONVERSION = YES;
				CLANG_WARN_NON_LITERAL_NULL_CONVERSION = YES;
				CLANG_WARN_OBJC_IMPLICIT_RETAIN_SELF = YES;
				CLANG_WARN_OBJC_LITERAL_CONVERSION = YES;
				CLANG_WARN_OBJC_ROOT_CLASS = YES_ERROR;
				CLANG_WARN_QUOTED_INCLUDE_IN_FRAMEWORK_HEADER = YES;
				CLANG_WARN_RANGE_LOOP_ANALYSIS = YES;
				CLANG_WARN_STRICT_PROTOTYPES = YES;
				CLANG_WARN_SUSPICIOUS_MOVE = YES;
				CLANG_WARN_UNGUARDED_AVAILABILITY = YES_AGGRESSIVE;
				CLANG_WARN_UNREACHABLE_CODE = YES;
				CLANG_WARN__DUPLICATE_METHOD_MATCH = YES;
				COPY_PHASE_STRIP = NO;
				DEBUG_INFORMATION_FORMAT = dwarf;
				ENABLE_STRICT_OBJC_MSGSEND = YES;
				ENABLE_TESTABILITY = YES;
				ENABLE_USER_SCRIPT_SANDBOXING = YES;
				GCC_C_LANGUAGE_STANDARD = gnu17;
				GCC_DYNAMIC_NO_PIC = NO;
				GCC_NO_COMMON_BLOCKS = YES;
				GCC_OPTIMIZATION_LEVEL = 0;
				GCC_PREPROCESSOR_DEFINITIONS = (
					"DEBUG=1",
					"$(inherited)",
				);
				GCC_WARN_64_TO_32_BIT_CONVERSION = YES;
				GCC_WARN_ABOUT_RETURN_TYPE = YES_ERROR;
				GCC_WARN_UNDECLARED_SELECTOR = YES;
				GCC_WARN_UNINITIALIZED_AUTOS = YES_AGGRESSIVE;
				GCC_WARN_UNUSED_FUNCTION = YES;
				GCC_WARN_UNUSED_VARIABLE = YES;
				IPHONEOS_DEPLOYMENT_TARGET = 17.5;
				LOCALIZATION_PREFERS_STRING_CATALOGS = YES;
				MTL_ENABLE_DEBUG_INFO = INCLUDE_SOURCE;
				MTL_FAST_MATH = YES;
				ONLY_ACTIVE_ARCH = YES;
				SDKROOT = iphoneos;
				SWIFT_ACTIVE_COMPILATION_CONDITIONS = "DEBUG $(inherited)";
				SWIFT_OPTIMIZATION_LEVEL = "-Onone";
			};
			name = Debug;
		};
		04842EB82C2996BD003AB35A /* Release */ = {
			isa = XCBuildConfiguration;
			buildSettings = {
				ALWAYS_SEARCH_USER_PATHS = NO;
				ASSETCATALOG_COMPILER_GENERATE_SWIFT_ASSET_SYMBOL_EXTENSIONS = YES;
				CLANG_ANALYZER_NONNULL = YES;
				CLANG_ANALYZER_NUMBER_OBJECT_CONVERSION = YES_AGGRESSIVE;
				CLANG_CXX_LANGUAGE_STANDARD = "gnu++20";
				CLANG_ENABLE_MODULES = YES;
				CLANG_ENABLE_OBJC_ARC = YES;
				CLANG_ENABLE_OBJC_WEAK = YES;
				CLANG_WARN_BLOCK_CAPTURE_AUTORELEASING = YES;
				CLANG_WARN_BOOL_CONVERSION = YES;
				CLANG_WARN_COMMA = YES;
				CLANG_WARN_CONSTANT_CONVERSION = YES;
				CLANG_WARN_DEPRECATED_OBJC_IMPLEMENTATIONS = YES;
				CLANG_WARN_DIRECT_OBJC_ISA_USAGE = YES_ERROR;
				CLANG_WARN_DOCUMENTATION_COMMENTS = YES;
				CLANG_WARN_EMPTY_BODY = YES;
				CLANG_WARN_ENUM_CONVERSION = YES;
				CLANG_WARN_INFINITE_RECURSION = YES;
				CLANG_WARN_INT_CONVERSION = YES;
				CLANG_WARN_NON_LITERAL_NULL_CONVERSION = YES;
				CLANG_WARN_OBJC_IMPLICIT_RETAIN_SELF = YES;
				CLANG_WARN_OBJC_LITERAL_CONVERSION = YES;
				CLANG_WARN_OBJC_ROOT_CLASS = YES_ERROR;
				CLANG_WARN_QUOTED_INCLUDE_IN_FRAMEWORK_HEADER = YES;
				CLANG_WARN_RANGE_LOOP_ANALYSIS = YES;
				CLANG_WARN_STRICT_PROTOTYPES = YES;
				CLANG_WARN_SUSPICIOUS_MOVE = YES;
				CLANG_WARN_UNGUARDED_AVAILABILITY = YES_AGGRESSIVE;
				CLANG_WARN_UNREACHABLE_CODE = YES;
				CLANG_WARN__DUPLICATE_METHOD_MATCH = YES;
				COPY_PHASE_STRIP = NO;
				DEBUG_INFORMATION_FORMAT = "dwarf-with-dsym";
				ENABLE_NS_ASSERTIONS = NO;
				ENABLE_STRICT_OBJC_MSGSEND = YES;
				ENABLE_USER_SCRIPT_SANDBOXING = YES;
				GCC_C_LANGUAGE_STANDARD = gnu17;
				GCC_NO_COMMON_BLOCKS = YES;
				GCC_WARN_64_TO_32_BIT_CONVERSION = YES;
				GCC_WARN_ABOUT_RETURN_TYPE = YES_ERROR;
				GCC_WARN_UNDECLARED_SELECTOR = YES;
				GCC_WARN_UNINITIALIZED_AUTOS = YES_AGGRESSIVE;
				GCC_WARN_UNUSED_FUNCTION = YES;
				GCC_WARN_UNUSED_VARIABLE = YES;
				IPHONEOS_DEPLOYMENT_TARGET = 17.5;
				LOCALIZATION_PREFERS_STRING_CATALOGS = YES;
				MTL_ENABLE_DEBUG_INFO = NO;
				MTL_FAST_MATH = YES;
				SDKROOT = iphoneos;
				SWIFT_COMPILATION_MODE = wholemodule;
				VALIDATE_PRODUCT = YES;
			};
			name = Release;
		};
		04842EBA2C2996BD003AB35A /* Debug */ = {
			isa = XCBuildConfiguration;
			buildSettings = {
				ASSETCATALOG_COMPILER_APPICON_NAME = AppIcon;
				ASSETCATALOG_COMPILER_GLOBAL_ACCENT_COLOR_NAME = AccentColor;
				CODE_SIGN_STYLE = Automatic;
				CURRENT_PROJECT_VERSION = 1;
				DEVELOPMENT_ASSET_PATHS = "\"Fruits/Preview Content\"";
				DEVELOPMENT_TEAM = 668BA5HCMU;
				ENABLE_PREVIEWS = YES;
				GENERATE_INFOPLIST_FILE = YES;
				INFOPLIST_KEY_UIApplicationSceneManifest_Generation = YES;
				INFOPLIST_KEY_UIApplicationSupportsIndirectInputEvents = YES;
				INFOPLIST_KEY_UILaunchScreen_Generation = YES;
				INFOPLIST_KEY_UISupportedInterfaceOrientations = UIInterfaceOrientationPortrait;
				LD_RUNPATH_SEARCH_PATHS = (
					"$(inherited)",
					"@executable_path/Frameworks",
				);
				MARKETING_VERSION = 1.0;
				PRODUCT_BUNDLE_IDENTIFIER = com.ussama.Fruits;
				PRODUCT_NAME = "$(TARGET_NAME)";
				SWIFT_EMIT_LOC_STRINGS = YES;
				SWIFT_VERSION = 5.0;
				TARGETED_DEVICE_FAMILY = "1,2";
			};
			name = Debug;
		};
		04842EBB2C2996BD003AB35A /* Release */ = {
			isa = XCBuildConfiguration;
			buildSettings = {
				ASSETCATALOG_COMPILER_APPICON_NAME = AppIcon;
				ASSETCATALOG_COMPILER_GLOBAL_ACCENT_COLOR_NAME = AccentColor;
				CODE_SIGN_STYLE = Automatic;
				CURRENT_PROJECT_VERSION = 1;
				DEVELOPMENT_ASSET_PATHS = "\"Fruits/Preview Content\"";
				DEVELOPMENT_TEAM = 668BA5HCMU;
				ENABLE_PREVIEWS = YES;
				GENERATE_INFOPLIST_FILE = YES;
				INFOPLIST_KEY_UIApplicationSceneManifest_Generation = YES;
				INFOPLIST_KEY_UIApplicationSupportsIndirectInputEvents = YES;
				INFOPLIST_KEY_UILaunchScreen_Generation = YES;
				INFOPLIST_KEY_UISupportedInterfaceOrientations = UIInterfaceOrientationPortrait;
				LD_RUNPATH_SEARCH_PATHS = (
					"$(inherited)",
					"@executable_path/Frameworks",
				);
				MARKETING_VERSION = 1.0;
				PRODUCT_BUNDLE_IDENTIFIER = com.ussama.Fruits;
				PRODUCT_NAME = "$(TARGET_NAME)";
				SWIFT_EMIT_LOC_STRINGS = YES;
				SWIFT_VERSION = 5.0;
				TARGETED_DEVICE_FAMILY = "1,2";
			};
			name = Release;
		};
/* End XCBuildConfiguration section */

/* Begin XCConfigurationList section */
		04842EA62C2996BC003AB35A /* Build configuration list for PBXProject "Fruits" */ = {
			isa = XCConfigurationList;
			buildConfigurations = (
				04842EB72C2996BD003AB35A /* Debug */,
				04842EB82C2996BD003AB35A /* Release */,
			);
			defaultConfigurationIsVisible = 0;
			defaultConfigurationName = Release;
		};
		04842EB92C2996BD003AB35A /* Build configuration list for PBXNativeTarget "Fruits" */ = {
			isa = XCConfigurationList;
			buildConfigurations = (
				04842EBA2C2996BD003AB35A /* Debug */,
				04842EBB2C2996BD003AB35A /* Release */,
			);
			defaultConfigurationIsVisible = 0;
			defaultConfigurationName = Release;
		};
/* End XCConfigurationList section */
	};
	rootObject = 04842EA32C2996BC003AB35A /* Project object */;
}
